
Microsoft Visual Studio Solution File, Format Version 12.00
# Visual Studio 15
VisualStudioVersion = 15.0.28010.2050
MinimumVisualStudioVersion = 10.0.40219.1
Project("{FAE04EC0-301F-11D3-BF4B-00C04F79EFBC}") = "CallbyReference", "CallbyReference\CallbyReference.csproj", "{BEEEECF9-FA4C-4691-9371-CFC1F536D1E2}"
EndProject
Global
	GlobalSection(SolutionConfigurationPlatforms) = preSolution
		Debug|Any CPU = Debug|Any CPU
		Release|Any CPU = Release|Any CPU
	EndGlobalSection
	GlobalSection(ProjectConfigurationPlatforms) = postSolution
		{BEEEECF9-FA4C-4691-9371-CFC1F536D1E2}.Debug|Any CPU.ActiveCfg = Debug|Any CPU
		{BEEEECF9-FA4C-4691-9371-CFC1F536D1E2}.Debug|Any CPU.Build.0 = Debug|Any CPU
		{BEEEECF9-FA4C-4691-9371-CFC1F536D1E2}.Release|Any CPU.ActiveCfg = Release|Any CPU
		{BEEEECF9-FA4C-4691-9371-CFC1F536D1E2}.Release|Any CPU.Build.0 = Release|Any CPU
	EndGlobalSection
	GlobalSection(SolutionProperties) = preSolution
		HideSolutionNode = FALSE
	EndGlobalSection
	GlobalSection(ExtensibilityGlobals) = postSolution
		SolutionGuid = {759A6508-DCDA-494A-B051-6EABBBC68973}
	EndGlobalSection
EndGlobal
