
Microsoft Visual Studio Solution File, Format Version 12.00
# Visual Studio 15
VisualStudioVersion = 15.0.28010.2050
MinimumVisualStudioVersion = 10.0.40219.1
Project("{FAE04EC0-301F-11D3-BF4B-00C04F79EFBC}") = "OperatorOverloading", "OperatorOverloading\OperatorOverloading.csproj", "{7BDDC932-1333-47A4-AB66-8D42D558253D}"
EndProject
Global
	GlobalSection(SolutionConfigurationPlatforms) = preSolution
		Debug|Any CPU = Debug|Any CPU
		Release|Any CPU = Release|Any CPU
	EndGlobalSection
	GlobalSection(ProjectConfigurationPlatforms) = postSolution
		{7BDDC932-1333-47A4-AB66-8D42D558253D}.Debug|Any CPU.ActiveCfg = Debug|Any CPU
		{7BDDC932-1333-47A4-AB66-8D42D558253D}.Debug|Any CPU.Build.0 = Debug|Any CPU
		{7BDDC932-1333-47A4-AB66-8D42D558253D}.Release|Any CPU.ActiveCfg = Release|Any CPU
		{7BDDC932-1333-47A4-AB66-8D42D558253D}.Release|Any CPU.Build.0 = Release|Any CPU
	EndGlobalSection
	GlobalSection(SolutionProperties) = preSolution
		HideSolutionNode = FALSE
	EndGlobalSection
	GlobalSection(ExtensibilityGlobals) = postSolution
		SolutionGuid = {5F641739-C7CE-478B-9798-0BDD4F7B3CB8}
	EndGlobalSection
EndGlobal
